// !$*UTF8*$!
{
	archiveVersion = 1;
	classes = {
	};
	objectVersion = 77;
	objects = {

/* Begin PBXBuildFile section */
		BC8EB4112E13B69100ECEBBD /* ContentView.swift in Sources */ = {isa = PBXBuildFile; fileRef = BC8EB40E2E13B69100ECEBBD /* ContentView.swift */; };
		BC8EB4122E13B69100ECEBBD /* CoreDataContactsApp.swift in Sources */ = {isa = PBXBuildFile; fileRef = BC8EB40F2E13B69100ECEBBD /* CoreDataContactsApp.swift */; };
		BC8EB4132E13B69100ECEBBD /* Assets.xcassets in Resources */ = {isa = PBXBuildFile; fileRef = BC8EB40D2E13B69100ECEBBD /* Assets.xcassets */; };
		BC8EB4162E13B6B500ECEBBD /* ContactsDataModel.xcdatamodeld in Sources */ = {isa = PBXBuildFile; fileRef = BC8EB4142E13B6B500ECEBBD /* ContactsDataModel.xcdatamodeld */; };
		BC8EB4182E13B81100ECEBBD /* Contact.swift in Sources */ = {isa = PBXBuildFile; fileRef = BC8EB4172E13B81100ECEBBD /* Contact.swift */; };
		BC8EB41E2E13B90700ECEBBD /* ContactsProvider.swift in Sources */ = {isa = PBXBuildFile; fileRef = BC8EB41C2E13B90700ECEBBD /* ContactsProvider.swift */; };
		BC8EB4212E13BD1400ECEBBD /* ContactRowView .swift in Sources */ = {isa = PBXBuildFile; fileRef = BC8EB4202E13BD1400ECEBBD /* ContactRowView .swift */; };
		BC8EB4252E13BE8800ECEBBD /* ContactDetailView.swift in Sources */ = {isa = PBXBuildFile; fileRef = BC8EB4242E13BE8800ECEBBD /* ContactDetailView.swift */; };
		BC8EB4272E13C07600ECEBBD /* AddNewContactView.swift in Sources */ = {isa = PBXBuildFile; fileRef = BC8EB4262E13C07600ECEBBD /* AddNewContactView.swift */; };
		BC8EB42A2E13C74200ECEBBD /* EditContactViewModel.swift in Sources */ = {isa = PBXBuildFile; fileRef = BC8EB4292E13C74200ECEBBD /* EditContactViewModel.swift */; };
		BC8EB42C2E13E8FF00ECEBBD /* ContactEmptyView.swift in Sources */ = {isa = PBXBuildFile; fileRef = BC8EB42B2E13E8FF00ECEBBD /* ContactEmptyView.swift */; };
/* End PBXBuildFile section */

/* Begin PBXFileReference section */
		BC8EB3FF2E13B51500ECEBBD /* CoreDataContacts.app */ = {isa = PBXFileReference; explicitFileType = wrapper.application; includeInIndex = 0; path = CoreDataContacts.app; sourceTree = BUILT_PRODUCTS_DIR; };
		BC8EB40D2E13B69100ECEBBD /* Assets.xcassets */ = {isa = PBXFileReference; lastKnownFileType = folder.assetcatalog; path = Assets.xcassets; sourceTree = "<group>"; };
		BC8EB40E2E13B69100ECEBBD /* ContentView.swift */ = {isa = PBXFileReference; lastKnownFileType = sourcecode.swift; path = ContentView.swift; sourceTree = "<group>"; };
		BC8EB40F2E13B69100ECEBBD /* CoreDataContactsApp.swift */ = {isa = PBXFileReference; lastKnownFileType = sourcecode.swift; path = CoreDataContactsApp.swift; sourceTree = "<group>"; };
		BC8EB4152E13B6B500ECEBBD /* ContactsDataModel.xcdatamodel */ = {isa = PBXFileReference; lastKnownFileType = wrapper.xcdatamodel; path = ContactsDataModel.xcdatamodel; sourceTree = "<group>"; };
		BC8EB4172E13B81100ECEBBD /* Contact.swift */ = {isa = PBXFileReference; lastKnownFileType = sourcecode.swift; path = Contact.swift; sourceTree = "<group>"; };
		BC8EB41C2E13B90700ECEBBD /* ContactsProvider.swift */ = {isa = PBXFileReference; lastKnownFileType = sourcecode.swift; path = ContactsProvider.swift; sourceTree = "<group>"; };
		BC8EB4202E13BD1400ECEBBD /* ContactRowView .swift */ = {isa = PBXFileReference; lastKnownFileType = sourcecode.swift; path = "ContactRowView .swift"; sourceTree = "<group>"; };
		BC8EB4242E13BE8800ECEBBD /* ContactDetailView.swift */ = {isa = PBXFileReference; lastKnownFileType = sourcecode.swift; path = ContactDetailView.swift; sourceTree = "<group>"; };
		BC8EB4262E13C07600ECEBBD /* AddNewContactView.swift */ = {isa = PBXFileReference; lastKnownFileType = sourcecode.swift; path = AddNewContactView.swift; sourceTree = "<group>"; };
		BC8EB4292E13C74200ECEBBD /* EditContactViewModel.swift */ = {isa = PBXFileReference; lastKnownFileType = sourcecode.swift; path = EditContactViewModel.swift; sourceTree = "<group>"; };
		BC8EB42B2E13E8FF00ECEBBD /* ContactEmptyView.swift */ = {isa = PBXFileReference; lastKnownFileType = sourcecode.swift; path = ContactEmptyView.swift; sourceTree = "<group>"; };
/* End PBXFileReference section */

/* Begin PBXFrameworksBuildPhase section */
		BC8EB3FC2E13B51500ECEBBD /* Frameworks */ = {
			isa = PBXFrameworksBuildPhase;
			buildActionMask = 2147483647;
			files = (
			);
			runOnlyForDeploymentPostprocessing = 0;
		};
/* End PBXFrameworksBuildPhase section */

/* Begin PBXGroup section */
		BC2F64C82E152B9D00AEAB9D /* UI */ = {
			isa = PBXGroup;
			children = (
				BC8EB4202E13BD1400ECEBBD /* ContactRowView .swift */,
				BC8EB4242E13BE8800ECEBBD /* ContactDetailView.swift */,
				BC8EB42B2E13E8FF00ECEBBD /* ContactEmptyView.swift */,
			);
			path = UI;
			sourceTree = "<group>";
		};
		BC8EB3F62E13B51500ECEBBD = {
			isa = PBXGroup;
			children = (
				BC8EB4102E13B69100ECEBBD /* CoreDataContacts */,
				BC8EB4002E13B51500ECEBBD /* Products */,
			);
			sourceTree = "<group>";
		};
		BC8EB4002E13B51500ECEBBD /* Products */ = {
			isa = PBXGroup;
			children = (
				BC8EB3FF2E13B51500ECEBBD /* CoreDataContacts.app */,
			);
			name = Products;
			sourceTree = "<group>";
		};
		BC8EB4102E13B69100ECEBBD /* CoreDataContacts */ = {
			isa = PBXGroup;
			children = (
				BC8EB4282E13C6B000ECEBBD /* Update Edit Contact */,
				BC8EB41F2E13B90A00ECEBBD /* Model */,
				BC8EB41D2E13B90700ECEBBD /* Provider */,
				BC8EB40D2E13B69100ECEBBD /* Assets.xcassets */,
				BC8EB40F2E13B69100ECEBBD /* CoreDataContactsApp.swift */,
				BC8EB40E2E13B69100ECEBBD /* ContentView.swift */,
				BC2F64C82E152B9D00AEAB9D /* UI */,
			);
			path = CoreDataContacts;
			sourceTree = "<group>";
		};
		BC8EB41D2E13B90700ECEBBD /* Provider */ = {
			isa = PBXGroup;
			children = (
				BC8EB4142E13B6B500ECEBBD /* ContactsDataModel.xcdatamodeld */,
				BC8EB41C2E13B90700ECEBBD /* ContactsProvider.swift */,
			);
			path = Provider;
			sourceTree = "<group>";
		};
		BC8EB41F2E13B90A00ECEBBD /* Model */ = {
			isa = PBXGroup;
			children = (
				BC8EB4172E13B81100ECEBBD /* Contact.swift */,
			);
			path = Model;
			sourceTree = "<group>";
		};
		BC8EB4282E13C6B000ECEBBD /* Update Edit Contact */ = {
			isa = PBXGroup;
			children = (
				BC8EB4262E13C07600ECEBBD /* AddNewContactView.swift */,
				BC8EB4292E13C74200ECEBBD /* EditContactViewModel.swift */,
			);
			path = "Update Edit Contact";
			sourceTree = "<group>";
		};
/* End PBXGroup section */

/* Begin PBXNativeTarget section */
		BC8EB3FE2E13B51500ECEBBD /* CoreDataContacts */ = {
			isa = PBXNativeTarget;
			buildConfigurationList = BC8EB40A2E13B51700ECEBBD /* Build configuration list for PBXNativeTarget "CoreDataContacts" */;
			buildPhases = (
				BC8EB3FB2E13B51500ECEBBD /* Sources */,
				BC8EB3FC2E13B51500ECEBBD /* Frameworks */,
				BC8EB3FD2E13B51500ECEBBD /* Resources */,
			);
			buildRules = (
			);
			dependencies = (
			);
			name = CoreDataContacts;
			packageProductDependencies = (
			);
			productName = CoreDataContacts;
			productReference = BC8EB3FF2E13B51500ECEBBD /* CoreDataContacts.app */;
			productType = "com.apple.product-type.application";
		};
/* End PBXNativeTarget section */

/* Begin PBXProject section */
		BC8EB3F72E13B51500ECEBBD /* Project object */ = {
			isa = PBXProject;
			attributes = {
				BuildIndependentTargetsInParallel = 1;
				LastSwiftUpdateCheck = 1640;
				LastUpgradeCheck = 1640;
				TargetAttributes = {
					BC8EB3FE2E13B51500ECEBBD = {
						CreatedOnToolsVersion = 16.4;
					};
				};
			};
			buildConfigurationList = BC8EB3FA2E13B51500ECEBBD /* Build configuration list for PBXProject "CoreDataContacts" */;
			developmentRegion = en;
			hasScannedForEncodings = 0;
			knownRegions = (
				en,
				Base,
			);
			mainGroup = BC8EB3F62E13B51500ECEBBD;
			minimizedProjectReferenceProxies = 1;
			preferredProjectObjectVersion = 77;
			productRefGroup = BC8EB4002E13B51500ECEBBD /* Products */;
			projectDirPath = "";
			projectRoot = "";
			targets = (
				BC8EB3FE2E13B51500ECEBBD /* CoreDataContacts */,
			);
		};
/* End PBXProject section */

/* Begin PBXResourcesBuildPhase section */
		BC8EB3FD2E13B51500ECEBBD /* Resources */ = {
			isa = PBXResourcesBuildPhase;
			buildActionMask = 2147483647;
			files = (
				BC8EB4132E13B69100ECEBBD /* Assets.xcassets in Resources */,
			);
			runOnlyForDeploymentPostprocessing = 0;
		};
/* End PBXResourcesBuildPhase section */

/* Begin PBXSourcesBuildPhase section */
		BC8EB3FB2E13B51500ECEBBD /* Sources */ = {
			isa = PBXSourcesBuildPhase;
			buildActionMask = 2147483647;
			files = (
				BC8EB4182E13B81100ECEBBD /* Contact.swift in Sources */,
				BC8EB41E2E13B90700ECEBBD /* ContactsProvider.swift in Sources */,
				BC8EB4252E13BE8800ECEBBD /* ContactDetailView.swift in Sources */,
				BC8EB42C2E13E8FF00ECEBBD /* ContactEmptyView.swift in Sources */,
				BC8EB4162E13B6B500ECEBBD /* ContactsDataModel.xcdatamodeld in Sources */,
				BC8EB4272E13C07600ECEBBD /* AddNewContactView.swift in Sources */,
				BC8EB4112E13B69100ECEBBD /* ContentView.swift in Sources */,
				BC8EB4122E13B69100ECEBBD /* CoreDataContactsApp.swift in Sources */,
				BC8EB42A2E13C74200ECEBBD /* EditContactViewModel.swift in Sources */,
				BC8EB4212E13BD1400ECEBBD /* ContactRowView .swift in Sources */,
			);
			runOnlyForDeploymentPostprocessing = 0;
		};
/* End PBXSourcesBuildPhase section */

/* Begin XCBuildConfiguration section */
		BC8EB4082E13B51700ECEBBD /* Debug */ = {
			isa = XCBuildConfiguration;
			buildSettings = {
				ALWAYS_SEARCH_USER_PATHS = NO;
				ASSETCATALOG_COMPILER_GENERATE_SWIFT_ASSET_SYMBOL_EXTENSIONS = YES;
				CLANG_ANALYZER_NONNULL = YES;
				CLANG_ANALYZER_NUMBER_OBJECT_CONVERSION = YES_AGGRESSIVE;
				CLANG_CXX_LANGUAGE_STANDARD = "gnu++20";
				CLANG_ENABLE_MODULES = YES;
				CLANG_ENABLE_OBJC_ARC = YES;
				CLANG_ENABLE_OBJC_WEAK = YES;
				CLANG_WARN_BLOCK_CAPTURE_AUTORELEASING = YES;
				CLANG_WARN_BOOL_CONVERSION = YES;
				CLANG_WARN_COMMA = YES;
				CLANG_WARN_CONSTANT_CONVERSION = YES;
				CLANG_WARN_DEPRECATED_OBJC_IMPLEMENTATIONS = YES;
				CLANG_WARN_DIRECT_OBJC_ISA_USAGE = YES_ERROR;
				CLANG_WARN_DOCUMENTATION_COMMENTS = YES;
				CLANG_WARN_EMPTY_BODY = YES;
				CLANG_WARN_ENUM_CONVERSION = YES;
				CLANG_WARN_INFINITE_RECURSION = YES;
				CLANG_WARN_INT_CONVERSION = YES;
				CLANG_WARN_NON_LITERAL_NULL_CONVERSION = YES;
				CLANG_WARN_OBJC_IMPLICIT_RETAIN_SELF = YES;
				CLANG_WARN_OBJC_LITERAL_CONVERSION = YES;
				CLANG_WARN_OBJC_ROOT_CLASS = YES_ERROR;
				CLANG_WARN_QUOTED_INCLUDE_IN_FRAMEWORK_HEADER = YES;
				CLANG_WARN_RANGE_LOOP_ANALYSIS = YES;
				CLANG_WARN_STRICT_PROTOTYPES = YES;
				CLANG_WARN_SUSPICIOUS_MOVE = YES;
				CLANG_WARN_UNGUARDED_AVAILABILITY = YES_AGGRESSIVE;
				CLANG_WARN_UNREACHABLE_CODE = YES;
				CLANG_WARN__DUPLICATE_METHOD_MATCH = YES;
				COPY_PHASE_STRIP = NO;
				DEBUG_INFORMATION_FORMAT = dwarf;
				ENABLE_STRICT_OBJC_MSGSEND = YES;
				ENABLE_TESTABILITY = YES;
				ENABLE_USER_SCRIPT_SANDBOXING = YES;
				GCC_C_LANGUAGE_STANDARD = gnu17;
				GCC_DYNAMIC_NO_PIC = NO;
				GCC_NO_COMMON_BLOCKS = YES;
				GCC_OPTIMIZATION_LEVEL = 0;
				GCC_PREPROCESSOR_DEFINITIONS = (
					"DEBUG=1",
					"$(inherited)",
				);
				GCC_WARN_64_TO_32_BIT_CONVERSION = YES;
				GCC_WARN_ABOUT_RETURN_TYPE = YES_ERROR;
				GCC_WARN_UNDECLARED_SELECTOR = YES;
				GCC_WARN_UNINITIALIZED_AUTOS = YES_AGGRESSIVE;
				GCC_WARN_UNUSED_FUNCTION = YES;
				GCC_WARN_UNUSED_VARIABLE = YES;
				IPHONEOS_DEPLOYMENT_TARGET = 18.5;
				LOCALIZATION_PREFERS_STRING_CATALOGS = YES;
				MTL_ENABLE_DEBUG_INFO = INCLUDE_SOURCE;
				MTL_FAST_MATH = YES;
				ONLY_ACTIVE_ARCH = YES;
				SDKROOT = iphoneos;
				SWIFT_ACTIVE_COMPILATION_CONDITIONS = "DEBUG $(inherited)";
				SWIFT_OPTIMIZATION_LEVEL = "-Onone";
			};
			name = Debug;
		};
		BC8EB4092E13B51700ECEBBD /* Release */ = {
			isa = XCBuildConfiguration;
			buildSettings = {
				ALWAYS_SEARCH_USER_PATHS = NO;
				ASSETCATALOG_COMPILER_GENERATE_SWIFT_ASSET_SYMBOL_EXTENSIONS = YES;
				CLANG_ANALYZER_NONNULL = YES;
				CLANG_ANALYZER_NUMBER_OBJECT_CONVERSION = YES_AGGRESSIVE;
				CLANG_CXX_LANGUAGE_STANDARD = "gnu++20";
				CLANG_ENABLE_MODULES = YES;
				CLANG_ENABLE_OBJC_ARC = YES;
				CLANG_ENABLE_OBJC_WEAK = YES;
				CLANG_WARN_BLOCK_CAPTURE_AUTORELEASING = YES;
				CLANG_WARN_BOOL_CONVERSION = YES;
				CLANG_WARN_COMMA = YES;
				CLANG_WARN_CONSTANT_CONVERSION = YES;
				CLANG_WARN_DEPRECATED_OBJC_IMPLEMENTATIONS = YES;
				CLANG_WARN_DIRECT_OBJC_ISA_USAGE = YES_ERROR;
				CLANG_WARN_DOCUMENTATION_COMMENTS = YES;
				CLANG_WARN_EMPTY_BODY = YES;
				CLANG_WARN_ENUM_CONVERSION = YES;
				CLANG_WARN_INFINITE_RECURSION = YES;
				CLANG_WARN_INT_CONVERSION = YES;
				CLANG_WARN_NON_LITERAL_NULL_CONVERSION = YES;
				CLANG_WARN_OBJC_IMPLICIT_RETAIN_SELF = YES;
				CLANG_WARN_OBJC_LITERAL_CONVERSION = YES;
				CLANG_WARN_OBJC_ROOT_CLASS = YES_ERROR;
				CLANG_WARN_QUOTED_INCLUDE_IN_FRAMEWORK_HEADER = YES;
				CLANG_WARN_RANGE_LOOP_ANALYSIS = YES;
				CLANG_WARN_STRICT_PROTOTYPES = YES;
				CLANG_WARN_SUSPICIOUS_MOVE = YES;
				CLANG_WARN_UNGUARDED_AVAILABILITY = YES_AGGRESSIVE;
				CLANG_WARN_UNREACHABLE_CODE = YES;
				CLANG_WARN__DUPLICATE_METHOD_MATCH = YES;
				COPY_PHASE_STRIP = NO;
				DEBUG_INFORMATION_FORMAT = "dwarf-with-dsym";
				ENABLE_NS_ASSERTIONS = NO;
				ENABLE_STRICT_OBJC_MSGSEND = YES;
				ENABLE_USER_SCRIPT_SANDBOXING = YES;
				GCC_C_LANGUAGE_STANDARD = gnu17;
				GCC_NO_COMMON_BLOCKS = YES;
				GCC_WARN_64_TO_32_BIT_CONVERSION = YES;
				GCC_WARN_ABOUT_RETURN_TYPE = YES_ERROR;
				GCC_WARN_UNDECLARED_SELECTOR = YES;
				GCC_WARN_UNINITIALIZED_AUTOS = YES_AGGRESSIVE;
				GCC_WARN_UNUSED_FUNCTION = YES;
				GCC_WARN_UNUSED_VARIABLE = YES;
				IPHONEOS_DEPLOYMENT_TARGET = 18.5;
				LOCALIZATION_PREFERS_STRING_CATALOGS = YES;
				MTL_ENABLE_DEBUG_INFO = NO;
				MTL_FAST_MATH = YES;
				SDKROOT = iphoneos;
				SWIFT_COMPILATION_MODE = wholemodule;
				VALIDATE_PRODUCT = YES;
			};
			name = Release;
		};
		BC8EB40B2E13B51700ECEBBD /* Debug */ = {
			isa = XCBuildConfiguration;
			buildSettings = {
				ASSETCATALOG_COMPILER_APPICON_NAME = AppIcon;
				ASSETCATALOG_COMPILER_GLOBAL_ACCENT_COLOR_NAME = AccentColor;
				CODE_SIGN_STYLE = Automatic;
				CURRENT_PROJECT_VERSION = 1;
				ENABLE_PREVIEWS = YES;
				GENERATE_INFOPLIST_FILE = YES;
				INFOPLIST_KEY_UIApplicationSceneManifest_Generation = YES;
				INFOPLIST_KEY_UIApplicationSupportsIndirectInputEvents = YES;
				INFOPLIST_KEY_UILaunchScreen_Generation = YES;
				INFOPLIST_KEY_UISupportedInterfaceOrientations_iPad = "UIInterfaceOrientationPortrait UIInterfaceOrientationPortraitUpsideDown UIInterfaceOrientationLandscapeLeft UIInterfaceOrientationLandscapeRight";
				INFOPLIST_KEY_UISupportedInterfaceOrientations_iPhone = "UIInterfaceOrientationPortrait UIInterfaceOrientationLandscapeLeft UIInterfaceOrientationLandscapeRight";
				LD_RUNPATH_SEARCH_PATHS = (
					"$(inherited)",
					"@executable_path/Frameworks",
				);
				MARKETING_VERSION = 1.0;
				PRODUCT_BUNDLE_IDENTIFIER = gkdm.CoreDataContacts;
				PRODUCT_NAME = "$(TARGET_NAME)";
				SWIFT_EMIT_LOC_STRINGS = YES;
				SWIFT_VERSION = 5.0;
				TARGETED_DEVICE_FAMILY = "1,2";
			};
			name = Debug;
		};
		BC8EB40C2E13B51700ECEBBD /* Release */ = {
			isa = XCBuildConfiguration;
			buildSettings = {
				ASSETCATALOG_COMPILER_APPICON_NAME = AppIcon;
				ASSETCATALOG_COMPILER_GLOBAL_ACCENT_COLOR_NAME = AccentColor;
				CODE_SIGN_STYLE = Automatic;
				CURRENT_PROJECT_VERSION = 1;
				ENABLE_PREVIEWS = YES;
				GENERATE_INFOPLIST_FILE = YES;
				INFOPLIST_KEY_UIApplicationSceneManifest_Generation = YES;
				INFOPLIST_KEY_UIApplicationSupportsIndirectInputEvents = YES;
				INFOPLIST_KEY_UILaunchScreen_Generation = YES;
				INFOPLIST_KEY_UISupportedInterfaceOrientations_iPad = "UIInterfaceOrientationPortrait UIInterfaceOrientationPortraitUpsideDown UIInterfaceOrientationLandscapeLeft UIInterfaceOrientationLandscapeRight";
				INFOPLIST_KEY_UISupportedInterfaceOrientations_iPhone = "UIInterfaceOrientationPortrait UIInterfaceOrientationLandscapeLeft UIInterfaceOrientationLandscapeRight";
				LD_RUNPATH_SEARCH_PATHS = (
					"$(inherited)",
					"@executable_path/Frameworks",
				);
				MARKETING_VERSION = 1.0;
				PRODUCT_BUNDLE_IDENTIFIER = gkdm.CoreDataContacts;
				PRODUCT_NAME = "$(TARGET_NAME)";
				SWIFT_EMIT_LOC_STRINGS = YES;
				SWIFT_VERSION = 5.0;
				TARGETED_DEVICE_FAMILY = "1,2";
			};
			name = Release;
		};
/* End XCBuildConfiguration section */

/* Begin XCConfigurationList section */
		BC8EB3FA2E13B51500ECEBBD /* Build configuration list for PBXProject "CoreDataContacts" */ = {
			isa = XCConfigurationList;
			buildConfigurations = (
				BC8EB4082E13B51700ECEBBD /* Debug */,
				BC8EB4092E13B51700ECEBBD /* Release */,
			);
			defaultConfigurationIsVisible = 0;
			defaultConfigurationName = Release;
		};
		BC8EB40A2E13B51700ECEBBD /* Build configuration list for PBXNativeTarget "CoreDataContacts" */ = {
			isa = XCConfigurationList;
			buildConfigurations = (
				BC8EB40B2E13B51700ECEBBD /* Debug */,
				BC8EB40C2E13B51700ECEBBD /* Release */,
			);
			defaultConfigurationIsVisible = 0;
			defaultConfigurationName = Release;
		};
/* End XCConfigurationList section */

/* Begin XCVersionGroup section */
		BC8EB4142E13B6B500ECEBBD /* ContactsDataModel.xcdatamodeld */ = {
			isa = XCVersionGroup;
			children = (
				BC8EB4152E13B6B500ECEBBD /* ContactsDataModel.xcdatamodel */,
			);
			currentVersion = BC8EB4152E13B6B500ECEBBD /* ContactsDataModel.xcdatamodel */;
			path = ContactsDataModel.xcdatamodeld;
			sourceTree = "<group>";
			versionGroupType = wrapper.xcdatamodel;
		};
/* End XCVersionGroup section */
	};
	rootObject = BC8EB3F72E13B51500ECEBBD /* Project object */;
}
